{
  "requires": true,
  "lockfileVersion": 1,
  "dependencies": {
    "animate.css": {
      "version": "3.6.1",
      "resolved": "https://registry.npmjs.org/animate.css/-/animate.css-3.6.1.tgz",
      "integrity": "sha512-xEIzzKyQvQSIldgrtC2d/qptAEQLVlMb6xQrjQ6HU6NyGhF7LAIivRZVmhSAg4EICRASNiS+A1G+wvAKTCoC7A=="
    },
    "bootstrap": {
      "version": "3.3.7",
      "resolved": "https://registry.npmjs.org/bootstrap/-/bootstrap-3.3.7.tgz",
      "integrity": "sha1-WjiTlFSfIzMIdaOxUGVldPip63E="
    },
    "jquery": {
      "version": "1.12.4",
      "resolved": "https://registry.npmjs.org/jquery/-/jquery-1.12.4.tgz",
      "integrity": "sha1-AeHfuikP5z3rp3zurLD5ui/sngw="
    }
  }
}
